Microsoft Visual Studio Solution File, Format Version 12.00
# Visual Studio Version 17
VisualStudioVersion = 17.5.2.0
MinimumVisualStudioVersion = 10.0.40219.1
Project("{FAE04EC0-301F-11D3-BF4B-00C04F79EFBC}") = "PolicyCopilot.Api", "PolicyCopilot.Api\PolicyCopilot.Api.csproj", "{543C6988-DCB6-9F9F-A4BF-CC7C40485A22}"
EndProject
Global
	GlobalSection(SolutionConfigurationPlatforms) = preSolution
		Debug|Any CPU = Debug|Any CPU
		Release|Any CPU = Release|Any CPU
	EndGlobalSection
	GlobalSection(ProjectConfigurationPlatforms) = postSolution
		{543C6988-DCB6-9F9F-A4BF-CC7C40485A22}.Debug|Any CPU.ActiveCfg = Debug|Any CPU
		{543C6988-DCB6-9F9F-A4BF-CC7C40485A22}.Debug|Any CPU.Build.0 = Debug|Any CPU
		{543C6988-DCB6-9F9F-A4BF-CC7C40485A22}.Release|Any CPU.ActiveCfg = Release|Any CPU
		{543C6988-DCB6-9F9F-A4BF-CC7C40485A22}.Release|Any CPU.Build.0 = Release|Any CPU
	EndGlobalSection
	GlobalSection(SolutionProperties) = preSolution
		HideSolutionNode = FALSE
	EndGlobalSection
	GlobalSection(ExtensibilityGlobals) = postSolution
		SolutionGuid = {135034CB-D60A-4ED6-B36C-7CB038C88A74}
	EndGlobalSection
EndGlobal
